// !$*UTF8*$!
{
	archiveVersion = 1;
	classes = {
	};
	objectVersion = 50;
	objects = {

/* Begin PBXBuildFile section */
		5C46D30B20EFCAD100E8B421 /* gtest-all.cc in Sources */ = {isa = PBXBuildFile; fileRef = 5C46D30A20EFCAD100E8B421 /* gtest-all.cc */; };
		5C965820211B5C78000DADEC /* main.cpp in Sources */ = {isa = PBXBuildFile; fileRef = 5C96581E211B5C78000DADEC /* main.cpp */; };
		CE7C5FD820EE7D9E00156B72 /* libncbi-json.dylib in Frameworks */ = {isa = PBXBuildFile; fileRef = CE7C5FD720EE7D9E00156B72 /* libncbi-json.dylib */; };
		CEE54A3C210F8F51009ECFD8 /* ncbi-jwt-ut.cpp in Sources */ = {isa = PBXBuildFile; fileRef = CEE54A3B210F8F51009ECFD8 /* ncbi-jwt-ut.cpp */; };
		CEE54A3E210F9D2E009ECFD8 /* libncbi-jwt.dylib in Frameworks */ = {isa = PBXBuildFile; fileRef = CEE54A3D210F9D2E009ECFD8 /* libncbi-jwt.dylib */; };
		DE7FAAC2211BA539000AF2D5 /* ncbi-json-ut.cpp in Sources */ = {isa = PBXBuildFile; fileRef = DE7FAAC1211BA539000AF2D5 /* ncbi-json-ut.cpp */; };
/* End PBXBuildFile section */

/* Begin PBXCopyFilesBuildPhase section */
		CE7C5F8A20EE691600156B72 /* CopyFiles */ = {
			isa = PBXCopyFilesBuildPhase;
			buildActionMask = 2147483647;
			dstPath = /usr/share/man/man1/;
			dstSubfolderSpec = 0;
			files = (
			);
			runOnlyForDeploymentPostprocessing = 1;
		};
/* End PBXCopyFilesBuildPhase section */

/* Begin PBXFileReference section */
		5C46D30A20EFCAD100E8B421 /* gtest-all.cc */ = {isa = PBXFileReference; fileEncoding = 4; lastKnownFileType = sourcecode.cpp.cpp; name = "gtest-all.cc"; path = "../googletest/googletest/src/gtest-all.cc"; sourceTree = "<group>"; };
		5C96581E211B5C78000DADEC /* main.cpp */ = {isa = PBXFileReference; fileEncoding = 4; lastKnownFileType = sourcecode.cpp.cpp; path = main.cpp; sourceTree = "<group>"; };
		CE7C5F8C20EE691600156B72 /* ncbi-oauth-test */ = {isa = PBXFileReference; explicitFileType = "compiled.mach-o.executable"; includeInIndex = 0; path = "ncbi-oauth-test"; sourceTree = BUILT_PRODUCTS_DIR; };
		CE7C5FCB20EE735500156B72 /* gtest.framework */ = {isa = PBXFileReference; lastKnownFileType = wrapper.framework; name = gtest.framework; path = "../../../../../Users/user/Library/Developer/Xcode/DerivedData/gtest-cupceqngqeopgmcuokctoicdbhmk/Build/Products/Debug/gtest.framework"; sourceTree = "<group>"; };
		CE7C5FCE20EE75C500156B72 /* libgtest.a */ = {isa = PBXFileReference; lastKnownFileType = archive.ar; name = libgtest.a; path = ../../googletest/build/googlemock/gtest/libgtest.a; sourceTree = "<group>"; };
		CE7C5FD020EE75EA00156B72 /* libgtest_main.a */ = {isa = PBXFileReference; lastKnownFileType = archive.ar; name = libgtest_main.a; path = ../../googletest/build/googlemock/gtest/libgtest_main.a; sourceTree = "<group>"; };
		CE7C5FD720EE7D9E00156B72 /* libncbi-json.dylib */ = {isa = PBXFileReference; explicitFileType = "compiled.mach-o.dylib"; path = "libncbi-json.dylib"; sourceTree = BUILT_PRODUCTS_DIR; };
		CEE54A3B210F8F51009ECFD8 /* ncbi-jwt-ut.cpp */ = {isa = PBXFileReference; lastKnownFileType = sourcecode.cpp.cpp; path = "ncbi-jwt-ut.cpp"; sourceTree = "<group>"; };
		CEE54A3D210F9D2E009ECFD8 /* libncbi-jwt.dylib */ = {isa = PBXFileReference; explicitFileType = "compiled.mach-o.dylib"; path = "libncbi-jwt.dylib"; sourceTree = BUILT_PRODUCTS_DIR; };
		DE7FAAC1211BA539000AF2D5 /* ncbi-json-ut.cpp */ = {isa = PBXFileReference; fileEncoding = 4; lastKnownFileType = sourcecode.cpp.cpp; path = "ncbi-json-ut.cpp"; sourceTree = "<group>"; };
/* End PBXFileReference section */

/* Begin PBXFrameworksBuildPhase section */
		CE7C5F8920EE691600156B72 /* Frameworks */ = {
			isa = PBXFrameworksBuildPhase;
			buildActionMask = 2147483647;
			files = (
				CEE54A3E210F9D2E009ECFD8 /* libncbi-jwt.dylib in Frameworks */,
				CE7C5FD820EE7D9E00156B72 /* libncbi-json.dylib in Frameworks */,
			);
			runOnlyForDeploymentPostprocessing = 0;
		};
/* End PBXFrameworksBuildPhase section */

/* Begin PBXGroup section */
		CE7C5F8320EE691600156B72 = {
			isa = PBXGroup;
			children = (
				CEE54A3B210F8F51009ECFD8 /* ncbi-jwt-ut.cpp */,
				DE7FAAC1211BA539000AF2D5 /* ncbi-json-ut.cpp */,
				5C96581E211B5C78000DADEC /* main.cpp */,
				5C46D30A20EFCAD100E8B421 /* gtest-all.cc */,
				CE7C5F8D20EE691600156B72 /* Products */,
				CE7C5FCA20EE735500156B72 /* Frameworks */,
			);
			sourceTree = "<group>";
		};
		CE7C5F8D20EE691600156B72 /* Products */ = {
			isa = PBXGroup;
			children = (
				CE7C5F8C20EE691600156B72 /* ncbi-oauth-test */,
			);
			name = Products;
			sourceTree = "<group>";
		};
		CE7C5FCA20EE735500156B72 /* Frameworks */ = {
			isa = PBXGroup;
			children = (
				CEE54A3D210F9D2E009ECFD8 /* libncbi-jwt.dylib */,
				CE7C5FD720EE7D9E00156B72 /* libncbi-json.dylib */,
				CE7C5FD020EE75EA00156B72 /* libgtest_main.a */,
				CE7C5FCE20EE75C500156B72 /* libgtest.a */,
				CE7C5FCB20EE735500156B72 /* gtest.framework */,
			);
			name = Frameworks;
			sourceTree = "<group>";
		};
/* End PBXGroup section */

/* Begin PBXNativeTarget section */
		CE7C5F8B20EE691600156B72 /* ncbi-oauth-test */ = {
			isa = PBXNativeTarget;
			buildConfigurationList = CE7C5F9320EE691600156B72 /* Build configuration list for PBXNativeTarget "ncbi-oauth-test" */;
			buildPhases = (
				CE7C5F8820EE691600156B72 /* Sources */,
				CE7C5F8920EE691600156B72 /* Frameworks */,
				CE7C5F8A20EE691600156B72 /* CopyFiles */,
			);
			buildRules = (
			);
			dependencies = (
			);
			name = "ncbi-oauth-test";
			productName = "ncbi-oauth-test";
			productReference = CE7C5F8C20EE691600156B72 /* ncbi-oauth-test */;
			productType = "com.apple.product-type.tool";
		};
/* End PBXNativeTarget section */

/* Begin PBXProject section */
		CE7C5F8420EE691600156B72 /* Project object */ = {
			isa = PBXProject;
			attributes = {
				LastUpgradeCheck = 0940;
				ORGANIZATIONNAME = NCBI;
				TargetAttributes = {
					CE7C5F8B20EE691600156B72 = {
						CreatedOnToolsVersion = 9.4.1;
					};
				};
			};
			buildConfigurationList = CE7C5F8720EE691600156B72 /* Build configuration list for PBXProject "ncbi-oauth-test" */;
			compatibilityVersion = "Xcode 9.3";
			developmentRegion = en;
			hasScannedForEncodings = 0;
			knownRegions = (
				en,
			);
			mainGroup = CE7C5F8320EE691600156B72;
			productRefGroup = CE7C5F8D20EE691600156B72 /* Products */;
			projectDirPath = "";
			projectRoot = "";
			targets = (
				CE7C5F8B20EE691600156B72 /* ncbi-oauth-test */,
			);
		};
/* End PBXProject section */

/* Begin PBXSourcesBuildPhase section */
		CE7C5F8820EE691600156B72 /* Sources */ = {
			isa = PBXSourcesBuildPhase;
			buildActionMask = 2147483647;
			files = (
				CEE54A3C210F8F51009ECFD8 /* ncbi-jwt-ut.cpp in Sources */,
				5C965820211B5C78000DADEC /* main.cpp in Sources */,
				5C46D30B20EFCAD100E8B421 /* gtest-all.cc in Sources */,
				DE7FAAC2211BA539000AF2D5 /* ncbi-json-ut.cpp in Sources */,
			);
			runOnlyForDeploymentPostprocessing = 0;
		};
/* End PBXSourcesBuildPhase section */

/* Begin XCBuildConfiguration section */
		CE7C5F9120EE691600156B72 /* Debug */ = {
			isa = XCBuildConfiguration;
			buildSettings = {
				ALWAYS_SEARCH_USER_PATHS = NO;
				CLANG_ANALYZER_NONNULL = YES;
				CLANG_ANALYZER_NUMBER_OBJECT_CONVERSION = YES_AGGRESSIVE;
				CLANG_CXX_LANGUAGE_STANDARD = "gnu++14";
				CLANG_CXX_LIBRARY = "libc++";
				CLANG_ENABLE_MODULES = YES;
				CLANG_ENABLE_OBJC_ARC = YES;
				CLANG_ENABLE_OBJC_WEAK = YES;
				CLANG_WARN_BLOCK_CAPTURE_AUTORELEASING = YES;
				CLANG_WARN_BOOL_CONVERSION = YES;
				CLANG_WARN_COMMA = YES;
				CLANG_WARN_CONSTANT_CONVERSION = YES;
				CLANG_WARN_DEPRECATED_OBJC_IMPLEMENTATIONS = YES;
				CLANG_WARN_DIRECT_OBJC_ISA_USAGE = YES_ERROR;
				CLANG_WARN_DOCUMENTATION_COMMENTS = YES;
				CLANG_WARN_EMPTY_BODY = YES;
				CLANG_WARN_ENUM_CONVERSION = YES;
				CLANG_WARN_INFINITE_RECURSION = YES;
				CLANG_WARN_INT_CONVERSION = YES;
				CLANG_WARN_NON_LITERAL_NULL_CONVERSION = YES;
				CLANG_WARN_OBJC_IMPLICIT_RETAIN_SELF = YES;
				CLANG_WARN_OBJC_LITERAL_CONVERSION = YES;
				CLANG_WARN_OBJC_ROOT_CLASS = YES_ERROR;
				CLANG_WARN_RANGE_LOOP_ANALYSIS = YES;
				CLANG_WARN_STRICT_PROTOTYPES = YES;
				CLANG_WARN_SUSPICIOUS_MOVE = YES;
				CLANG_WARN_UNGUARDED_AVAILABILITY = YES_AGGRESSIVE;
				CLANG_WARN_UNREACHABLE_CODE = YES;
				CLANG_WARN__DUPLICATE_METHOD_MATCH = YES;
				CODE_SIGN_IDENTITY = "-";
				COPY_PHASE_STRIP = NO;
				DEBUG_INFORMATION_FORMAT = dwarf;
				ENABLE_STRICT_OBJC_MSGSEND = YES;
				ENABLE_TESTABILITY = YES;
				GCC_C_LANGUAGE_STANDARD = gnu11;
				GCC_DYNAMIC_NO_PIC = NO;
				GCC_NO_COMMON_BLOCKS = YES;
				GCC_OPTIMIZATION_LEVEL = 0;
				GCC_PREPROCESSOR_DEFINITIONS = (
					"DEBUG=1",
					"$(inherited)",
				);
				GCC_WARN_64_TO_32_BIT_CONVERSION = YES;
				GCC_WARN_ABOUT_RETURN_TYPE = YES_ERROR;
				GCC_WARN_UNDECLARED_SELECTOR = YES;
				GCC_WARN_UNINITIALIZED_AUTOS = YES_AGGRESSIVE;
				GCC_WARN_UNUSED_FUNCTION = YES;
				GCC_WARN_UNUSED_VARIABLE = YES;
				MACOSX_DEPLOYMENT_TARGET = 10.12;
				MTL_ENABLE_DEBUG_INFO = YES;
				ONLY_ACTIVE_ARCH = YES;
				SDKROOT = macosx;
			};
			name = Debug;
		};
		CE7C5F9220EE691600156B72 /* Release */ = {
			isa = XCBuildConfiguration;
			buildSettings = {
				ALWAYS_SEARCH_USER_PATHS = NO;
				CLANG_ANALYZER_NONNULL = YES;
				CLANG_ANALYZER_NUMBER_OBJECT_CONVERSION = YES_AGGRESSIVE;
				CLANG_CXX_LANGUAGE_STANDARD = "gnu++14";
				CLANG_CXX_LIBRARY = "libc++";
				CLANG_ENABLE_MODULES = YES;
				CLANG_ENABLE_OBJC_ARC = YES;
				CLANG_ENABLE_OBJC_WEAK = YES;
				CLANG_WARN_BLOCK_CAPTURE_AUTORELEASING = YES;
				CLANG_WARN_BOOL_CONVERSION = YES;
				CLANG_WARN_COMMA = YES;
				CLANG_WARN_CONSTANT_CONVERSION = YES;
				CLANG_WARN_DEPRECATED_OBJC_IMPLEMENTATIONS = YES;
				CLANG_WARN_DIRECT_OBJC_ISA_USAGE = YES_ERROR;
				CLANG_WARN_DOCUMENTATION_COMMENTS = YES;
				CLANG_WARN_EMPTY_BODY = YES;
				CLANG_WARN_ENUM_CONVERSION = YES;
				CLANG_WARN_INFINITE_RECURSION = YES;
				CLANG_WARN_INT_CONVERSION = YES;
				CLANG_WARN_NON_LITERAL_NULL_CONVERSION = YES;
				CLANG_WARN_OBJC_IMPLICIT_RETAIN_SELF = YES;
				CLANG_WARN_OBJC_LITERAL_CONVERSION = YES;
				CLANG_WARN_OBJC_ROOT_CLASS = YES_ERROR;
				CLANG_WARN_RANGE_LOOP_ANALYSIS = YES;
				CLANG_WARN_STRICT_PROTOTYPES = YES;
				CLANG_WARN_SUSPICIOUS_MOVE = YES;
				CLANG_WARN_UNGUARDED_AVAILABILITY = YES_AGGRESSIVE;
				CLANG_WARN_UNREACHABLE_CODE = YES;
				CLANG_WARN__DUPLICATE_METHOD_MATCH = YES;
				CODE_SIGN_IDENTITY = "-";
				COPY_PHASE_STRIP = NO;
				DEBUG_INFORMATION_FORMAT = "dwarf-with-dsym";
				ENABLE_NS_ASSERTIONS = NO;
				ENABLE_STRICT_OBJC_MSGSEND = YES;
				GCC_C_LANGUAGE_STANDARD = gnu11;
				GCC_NO_COMMON_BLOCKS = YES;
				GCC_WARN_64_TO_32_BIT_CONVERSION = YES;
				GCC_WARN_ABOUT_RETURN_TYPE = YES_ERROR;
				GCC_WARN_UNDECLARED_SELECTOR = YES;
				GCC_WARN_UNINITIALIZED_AUTOS = YES_AGGRESSIVE;
				GCC_WARN_UNUSED_FUNCTION = YES;
				GCC_WARN_UNUSED_VARIABLE = YES;
				MACOSX_DEPLOYMENT_TARGET = 10.12;
				MTL_ENABLE_DEBUG_INFO = NO;
				SDKROOT = macosx;
			};
			name = Release;
		};
		CE7C5F9420EE691600156B72 /* Debug */ = {
			isa = XCBuildConfiguration;
			buildSettings = {
				CODE_SIGN_STYLE = Automatic;
				HEADER_SEARCH_PATHS = (
					../googletest/googletest,
					../inc,
				);
				PRODUCT_NAME = "$(TARGET_NAME)";
				SYSTEM_HEADER_SEARCH_PATHS = ../googletest/googletest/include;
			};
			name = Debug;
		};
		CE7C5F9520EE691600156B72 /* Release */ = {
			isa = XCBuildConfiguration;
			buildSettings = {
				CODE_SIGN_STYLE = Automatic;
				HEADER_SEARCH_PATHS = (
					../googletest/googletest,
					../inc,
				);
				PRODUCT_NAME = "$(TARGET_NAME)";
				SYSTEM_HEADER_SEARCH_PATHS = ../googletest/googletest/include;
			};
			name = Release;
		};
/* End XCBuildConfiguration section */

/* Begin XCConfigurationList section */
		CE7C5F8720EE691600156B72 /* Build configuration list for PBXProject "ncbi-oauth-test" */ = {
			isa = XCConfigurationList;
			buildConfigurations = (
				CE7C5F9120EE691600156B72 /* Debug */,
				CE7C5F9220EE691600156B72 /* Release */,
			);
			defaultConfigurationIsVisible = 0;
			defaultConfigurationName = Release;
		};
		CE7C5F9320EE691600156B72 /* Build configuration list for PBXNativeTarget "ncbi-oauth-test" */ = {
			isa = XCConfigurationList;
			buildConfigurations = (
				CE7C5F9420EE691600156B72 /* Debug */,
				CE7C5F9520EE691600156B72 /* Release */,
			);
			defaultConfigurationIsVisible = 0;
			defaultConfigurationName = Release;
		};
/* End XCConfigurationList section */
	};
	rootObject = CE7C5F8420EE691600156B72 /* Project object */;
}
