// !$*UTF8*$!
{
	archiveVersion = 1;
	classes = {
	};
	objectVersion = 46;
	objects = {

/* Begin PBXBuildFile section */
		5C5505E1211B7D1D000F4666 /* json-array.cpp in Sources */ = {isa = PBXBuildFile; fileRef = 5C5505DC211B7D1C000F4666 /* json-array.cpp */; };
		5C5505E2211B7D1D000F4666 /* json-primitive.cpp in Sources */ = {isa = PBXBuildFile; fileRef = 5C5505DD211B7D1C000F4666 /* json-primitive.cpp */; };
		5C5505E3211B7D1D000F4666 /* json-object.cpp in Sources */ = {isa = PBXBuildFile; fileRef = 5C5505DE211B7D1C000F4666 /* json-object.cpp */; };
		5C5505E4211B7D1D000F4666 /* json-value.cpp in Sources */ = {isa = PBXBuildFile; fileRef = 5C5505DF211B7D1C000F4666 /* json-value.cpp */; };
		5C5505E5211B7D1D000F4666 /* json-wrapper.cpp in Sources */ = {isa = PBXBuildFile; fileRef = 5C5505E0211B7D1C000F4666 /* json-wrapper.cpp */; };
		5C5505E7211B89F6000F4666 /* json-exception.cpp in Sources */ = {isa = PBXBuildFile; fileRef = 5C5505E6211B89F5000F4666 /* json-exception.cpp */; };
		5C89ABCC211B591300936B79 /* json-priv.hpp in Headers */ = {isa = PBXBuildFile; fileRef = 5C89ABCB211B591200936B79 /* json-priv.hpp */; };
		5C89ABD0211B593100936B79 /* parser.cpp in Sources */ = {isa = PBXBuildFile; fileRef = 5C89ABCF211B593000936B79 /* parser.cpp */; };
/* End PBXBuildFile section */

/* Begin PBXFileReference section */
		5C5505DC211B7D1C000F4666 /* json-array.cpp */ = {isa = PBXFileReference; fileEncoding = 4; lastKnownFileType = sourcecode.cpp.cpp; path = "json-array.cpp"; sourceTree = "<group>"; };
		5C5505DD211B7D1C000F4666 /* json-primitive.cpp */ = {isa = PBXFileReference; fileEncoding = 4; lastKnownFileType = sourcecode.cpp.cpp; path = "json-primitive.cpp"; sourceTree = "<group>"; };
		5C5505DE211B7D1C000F4666 /* json-object.cpp */ = {isa = PBXFileReference; fileEncoding = 4; lastKnownFileType = sourcecode.cpp.cpp; path = "json-object.cpp"; sourceTree = "<group>"; };
		5C5505DF211B7D1C000F4666 /* json-value.cpp */ = {isa = PBXFileReference; fileEncoding = 4; lastKnownFileType = sourcecode.cpp.cpp; path = "json-value.cpp"; sourceTree = "<group>"; };
		5C5505E0211B7D1C000F4666 /* json-wrapper.cpp */ = {isa = PBXFileReference; fileEncoding = 4; lastKnownFileType = sourcecode.cpp.cpp; path = "json-wrapper.cpp"; sourceTree = "<group>"; };
		5C5505E6211B89F5000F4666 /* json-exception.cpp */ = {isa = PBXFileReference; fileEncoding = 4; lastKnownFileType = sourcecode.cpp.cpp; path = "json-exception.cpp"; sourceTree = "<group>"; };
		5C89ABCB211B591200936B79 /* json-priv.hpp */ = {isa = PBXFileReference; fileEncoding = 4; lastKnownFileType = sourcecode.cpp.h; path = "json-priv.hpp"; sourceTree = "<group>"; };
		5C89ABCF211B593000936B79 /* parser.cpp */ = {isa = PBXFileReference; fileEncoding = 4; lastKnownFileType = sourcecode.cpp.cpp; path = parser.cpp; sourceTree = "<group>"; };
		CEA84F2E20E679D800A5608C /* libncbi-json.dylib */ = {isa = PBXFileReference; explicitFileType = "compiled.mach-o.dylib"; includeInIndex = 0; path = "libncbi-json.dylib"; sourceTree = BUILT_PRODUCTS_DIR; };
		DE69BB932110FDAD009E60F3 /* rfc7159.txt */ = {isa = PBXFileReference; lastKnownFileType = text; path = rfc7159.txt; sourceTree = "<group>"; };
		DE69BB9521110100009E60F3 /* rfc3629.txt */ = {isa = PBXFileReference; lastKnownFileType = text; path = rfc3629.txt; sourceTree = "<group>"; };
/* End PBXFileReference section */

/* Begin PBXFrameworksBuildPhase section */
		CEA84F2B20E679D800A5608C /* Frameworks */ = {
			isa = PBXFrameworksBuildPhase;
			buildActionMask = 2147483647;
			files = (
			);
			runOnlyForDeploymentPostprocessing = 0;
		};
/* End PBXFrameworksBuildPhase section */

/* Begin PBXGroup section */
		CEA84F2520E679D800A5608C = {
			isa = PBXGroup;
			children = (
				5C5505E6211B89F5000F4666 /* json-exception.cpp */,
				5C5505DC211B7D1C000F4666 /* json-array.cpp */,
				5C5505DE211B7D1C000F4666 /* json-object.cpp */,
				5C5505DD211B7D1C000F4666 /* json-primitive.cpp */,
				5C5505DF211B7D1C000F4666 /* json-value.cpp */,
				5C5505E0211B7D1C000F4666 /* json-wrapper.cpp */,
				5C89ABCF211B593000936B79 /* parser.cpp */,
				5C89ABCB211B591200936B79 /* json-priv.hpp */,
				CEC1375B211CC971006A81D5 /* RFC */,
				CEA84F2F20E679D800A5608C /* Products */,
			);
			sourceTree = "<group>";
		};
		CEA84F2F20E679D800A5608C /* Products */ = {
			isa = PBXGroup;
			children = (
				CEA84F2E20E679D800A5608C /* libncbi-json.dylib */,
			);
			name = Products;
			sourceTree = "<group>";
		};
		CEC1375B211CC971006A81D5 /* RFC */ = {
			isa = PBXGroup;
			children = (
				DE69BB9521110100009E60F3 /* rfc3629.txt */,
				DE69BB932110FDAD009E60F3 /* rfc7159.txt */,
			);
			name = RFC;
			sourceTree = "<group>";
		};
/* End PBXGroup section */

/* Begin PBXHeadersBuildPhase section */
		CEA84F2C20E679D800A5608C /* Headers */ = {
			isa = PBXHeadersBuildPhase;
			buildActionMask = 2147483647;
			files = (
				5C89ABCC211B591300936B79 /* json-priv.hpp in Headers */,
			);
			runOnlyForDeploymentPostprocessing = 0;
		};
/* End PBXHeadersBuildPhase section */

/* Begin PBXNativeTarget section */
		CEA84F2D20E679D800A5608C /* ncbi-json */ = {
			isa = PBXNativeTarget;
			buildConfigurationList = CEA84F3920E679D800A5608C /* Build configuration list for PBXNativeTarget "ncbi-json" */;
			buildPhases = (
				CEA84F2A20E679D800A5608C /* Sources */,
				CEA84F2B20E679D800A5608C /* Frameworks */,
				CEA84F2C20E679D800A5608C /* Headers */,
			);
			buildRules = (
			);
			dependencies = (
			);
			name = "ncbi-json";
			productName = "ncbi-json";
			productReference = CEA84F2E20E679D800A5608C /* libncbi-json.dylib */;
			productType = "com.apple.product-type.library.dynamic";
		};
/* End PBXNativeTarget section */

/* Begin PBXProject section */
		CEA84F2620E679D800A5608C /* Project object */ = {
			isa = PBXProject;
			attributes = {
				LastUpgradeCheck = 0940;
				ORGANIZATIONNAME = NCBI;
				TargetAttributes = {
					CEA84F2D20E679D800A5608C = {
						CreatedOnToolsVersion = 8.0;
						ProvisioningStyle = Automatic;
					};
				};
			};
			buildConfigurationList = CEA84F2920E679D800A5608C /* Build configuration list for PBXProject "ncbi-json" */;
			compatibilityVersion = "Xcode 3.2";
			developmentRegion = English;
			hasScannedForEncodings = 0;
			knownRegions = (
				en,
			);
			mainGroup = CEA84F2520E679D800A5608C;
			productRefGroup = CEA84F2F20E679D800A5608C /* Products */;
			projectDirPath = "";
			projectRoot = "";
			targets = (
				CEA84F2D20E679D800A5608C /* ncbi-json */,
			);
		};
/* End PBXProject section */

/* Begin PBXSourcesBuildPhase section */
		CEA84F2A20E679D800A5608C /* Sources */ = {
			isa = PBXSourcesBuildPhase;
			buildActionMask = 2147483647;
			files = (
				5C89ABD0211B593100936B79 /* parser.cpp in Sources */,
				5C5505E5211B7D1D000F4666 /* json-wrapper.cpp in Sources */,
				5C5505E3211B7D1D000F4666 /* json-object.cpp in Sources */,
				5C5505E4211B7D1D000F4666 /* json-value.cpp in Sources */,
				5C5505E7211B89F6000F4666 /* json-exception.cpp in Sources */,
				5C5505E1211B7D1D000F4666 /* json-array.cpp in Sources */,
				5C5505E2211B7D1D000F4666 /* json-primitive.cpp in Sources */,
			);
			runOnlyForDeploymentPostprocessing = 0;
		};
/* End PBXSourcesBuildPhase section */

/* Begin XCBuildConfiguration section */
		CEA84F3720E679D800A5608C /* Debug */ = {
			isa = XCBuildConfiguration;
			buildSettings = {
				ALWAYS_SEARCH_USER_PATHS = NO;
				CLANG_ADDRESS_SANITIZER_CONTAINER_OVERFLOW = YES;
				CLANG_ANALYZER_NONNULL = YES;
				CLANG_CXX_LANGUAGE_STANDARD = "gnu++0x";
				CLANG_CXX_LIBRARY = "libc++";
				CLANG_ENABLE_MODULES = YES;
				CLANG_ENABLE_OBJC_ARC = YES;
				CLANG_WARN_BLOCK_CAPTURE_AUTORELEASING = YES;
				CLANG_WARN_BOOL_CONVERSION = YES;
				CLANG_WARN_COMMA = YES;
				CLANG_WARN_CONSTANT_CONVERSION = YES;
				CLANG_WARN_DEPRECATED_OBJC_IMPLEMENTATIONS = YES;
				CLANG_WARN_DIRECT_OBJC_ISA_USAGE = YES_ERROR;
				CLANG_WARN_DOCUMENTATION_COMMENTS = YES;
				CLANG_WARN_EMPTY_BODY = YES;
				CLANG_WARN_ENUM_CONVERSION = YES;
				CLANG_WARN_INFINITE_RECURSION = YES;
				CLANG_WARN_INT_CONVERSION = YES;
				CLANG_WARN_NON_LITERAL_NULL_CONVERSION = YES;
				CLANG_WARN_OBJC_IMPLICIT_RETAIN_SELF = YES;
				CLANG_WARN_OBJC_LITERAL_CONVERSION = YES;
				CLANG_WARN_OBJC_ROOT_CLASS = YES_ERROR;
				CLANG_WARN_RANGE_LOOP_ANALYSIS = YES;
				CLANG_WARN_STRICT_PROTOTYPES = YES;
				CLANG_WARN_SUSPICIOUS_MOVE = YES;
				CLANG_WARN_SUSPICIOUS_MOVES = YES;
				CLANG_WARN_UNREACHABLE_CODE = YES;
				CLANG_WARN__DUPLICATE_METHOD_MATCH = YES;
				CODE_SIGN_IDENTITY = "-";
				COPY_PHASE_STRIP = NO;
				DEBUG_INFORMATION_FORMAT = dwarf;
				ENABLE_STRICT_OBJC_MSGSEND = YES;
				ENABLE_TESTABILITY = YES;
				GCC_C_LANGUAGE_STANDARD = gnu99;
				GCC_DYNAMIC_NO_PIC = NO;
				GCC_NO_COMMON_BLOCKS = YES;
				GCC_OPTIMIZATION_LEVEL = 0;
				GCC_PREPROCESSOR_DEFINITIONS = (
					"DEBUG=1",
					"$(inherited)",
				);
				GCC_WARN_64_TO_32_BIT_CONVERSION = YES;
				GCC_WARN_ABOUT_RETURN_TYPE = YES_ERROR;
				GCC_WARN_UNDECLARED_SELECTOR = YES;
				GCC_WARN_UNINITIALIZED_AUTOS = YES_AGGRESSIVE;
				GCC_WARN_UNUSED_FUNCTION = YES;
				GCC_WARN_UNUSED_VARIABLE = YES;
				HEADER_SEARCH_PATHS = ../inc;
				MACOSX_DEPLOYMENT_TARGET = 10.12;
				MTL_ENABLE_DEBUG_INFO = YES;
				ONLY_ACTIVE_ARCH = YES;
				SDKROOT = macosx;
			};
			name = Debug;
		};
		CEA84F3820E679D800A5608C /* Release */ = {
			isa = XCBuildConfiguration;
			buildSettings = {
				ALWAYS_SEARCH_USER_PATHS = NO;
				CLANG_ADDRESS_SANITIZER_CONTAINER_OVERFLOW = YES;
				CLANG_ANALYZER_NONNULL = YES;
				CLANG_CXX_LANGUAGE_STANDARD = "gnu++0x";
				CLANG_CXX_LIBRARY = "libc++";
				CLANG_ENABLE_MODULES = YES;
				CLANG_ENABLE_OBJC_ARC = YES;
				CLANG_WARN_BLOCK_CAPTURE_AUTORELEASING = YES;
				CLANG_WARN_BOOL_CONVERSION = YES;
				CLANG_WARN_COMMA = YES;
				CLANG_WARN_CONSTANT_CONVERSION = YES;
				CLANG_WARN_DEPRECATED_OBJC_IMPLEMENTATIONS = YES;
				CLANG_WARN_DIRECT_OBJC_ISA_USAGE = YES_ERROR;
				CLANG_WARN_DOCUMENTATION_COMMENTS = YES;
				CLANG_WARN_EMPTY_BODY = YES;
				CLANG_WARN_ENUM_CONVERSION = YES;
				CLANG_WARN_INFINITE_RECURSION = YES;
				CLANG_WARN_INT_CONVERSION = YES;
				CLANG_WARN_NON_LITERAL_NULL_CONVERSION = YES;
				CLANG_WARN_OBJC_IMPLICIT_RETAIN_SELF = YES;
				CLANG_WARN_OBJC_LITERAL_CONVERSION = YES;
				CLANG_WARN_OBJC_ROOT_CLASS = YES_ERROR;
				CLANG_WARN_RANGE_LOOP_ANALYSIS = YES;
				CLANG_WARN_STRICT_PROTOTYPES = YES;
				CLANG_WARN_SUSPICIOUS_MOVE = YES;
				CLANG_WARN_SUSPICIOUS_MOVES = YES;
				CLANG_WARN_UNREACHABLE_CODE = YES;
				CLANG_WARN__DUPLICATE_METHOD_MATCH = YES;
				CODE_SIGN_IDENTITY = "-";
				COPY_PHASE_STRIP = NO;
				DEBUG_INFORMATION_FORMAT = "dwarf-with-dsym";
				ENABLE_NS_ASSERTIONS = NO;
				ENABLE_STRICT_OBJC_MSGSEND = YES;
				GCC_C_LANGUAGE_STANDARD = gnu99;
				GCC_NO_COMMON_BLOCKS = YES;
				GCC_WARN_64_TO_32_BIT_CONVERSION = YES;
				GCC_WARN_ABOUT_RETURN_TYPE = YES_ERROR;
				GCC_WARN_UNDECLARED_SELECTOR = YES;
				GCC_WARN_UNINITIALIZED_AUTOS = YES_AGGRESSIVE;
				GCC_WARN_UNUSED_FUNCTION = YES;
				GCC_WARN_UNUSED_VARIABLE = YES;
				HEADER_SEARCH_PATHS = ../inc;
				MACOSX_DEPLOYMENT_TARGET = 10.12;
				MTL_ENABLE_DEBUG_INFO = NO;
				SDKROOT = macosx;
			};
			name = Release;
		};
		CEA84F3A20E679D800A5608C /* Debug */ = {
			isa = XCBuildConfiguration;
			buildSettings = {
				CLANG_WARN_DOCUMENTATION_COMMENTS = NO;
				DYLIB_COMPATIBILITY_VERSION = 1;
				DYLIB_CURRENT_VERSION = 1;
				EXECUTABLE_PREFIX = lib;
				GCC_ENABLE_CPP_EXCEPTIONS = YES;
				GCC_ENABLE_CPP_RTTI = YES;
				GCC_SYMBOLS_PRIVATE_EXTERN = YES;
				GCC_WARN_ABOUT_DEPRECATED_FUNCTIONS = NO;
				HEADER_SEARCH_PATHS = ../inc;
				MACOSX_DEPLOYMENT_TARGET = 10.12;
				PRODUCT_NAME = "$(TARGET_NAME)";
			};
			name = Debug;
		};
		CEA84F3B20E679D800A5608C /* Release */ = {
			isa = XCBuildConfiguration;
			buildSettings = {
				CLANG_WARN_DOCUMENTATION_COMMENTS = NO;
				DYLIB_COMPATIBILITY_VERSION = 1;
				DYLIB_CURRENT_VERSION = 1;
				EXECUTABLE_PREFIX = lib;
				GCC_ENABLE_CPP_EXCEPTIONS = YES;
				GCC_ENABLE_CPP_RTTI = YES;
				GCC_SYMBOLS_PRIVATE_EXTERN = YES;
				GCC_WARN_ABOUT_DEPRECATED_FUNCTIONS = NO;
				HEADER_SEARCH_PATHS = ../inc;
				MACOSX_DEPLOYMENT_TARGET = 10.12;
				PRODUCT_NAME = "$(TARGET_NAME)";
			};
			name = Release;
		};
/* End XCBuildConfiguration section */

/* Begin XCConfigurationList section */
		CEA84F2920E679D800A5608C /* Build configuration list for PBXProject "ncbi-json" */ = {
			isa = XCConfigurationList;
			buildConfigurations = (
				CEA84F3720E679D800A5608C /* Debug */,
				CEA84F3820E679D800A5608C /* Release */,
			);
			defaultConfigurationIsVisible = 0;
			defaultConfigurationName = Release;
		};
		CEA84F3920E679D800A5608C /* Build configuration list for PBXNativeTarget "ncbi-json" */ = {
			isa = XCConfigurationList;
			buildConfigurations = (
				CEA84F3A20E679D800A5608C /* Debug */,
				CEA84F3B20E679D800A5608C /* Release */,
			);
			defaultConfigurationIsVisible = 0;
			defaultConfigurationName = Release;
		};
/* End XCConfigurationList section */
	};
	rootObject = CEA84F2620E679D800A5608C /* Project object */;
}
