// !$*UTF8*$!
{
	archiveVersion = 1;
	classes = {
	};
	objectVersion = 46;
	objects = {

/* Begin PBXBuildFile section */
		0C92962E21233E7600BFE15D /* jwt-factory.cpp in Sources */ = {isa = PBXBuildFile; fileRef = 0C92962C21233E7600BFE15D /* jwt-factory.cpp */; };
		0C92962F21233E7600BFE15D /* jwt-claims.cpp in Sources */ = {isa = PBXBuildFile; fileRef = 0C92962D21233E7600BFE15D /* jwt-claims.cpp */; };
		CE026B4A2177722F00A1C44F /* jwa-none.cpp in Sources */ = {isa = PBXBuildFile; fileRef = CE026B442177722E00A1C44F /* jwa-none.cpp */; };
		CE026B4B2177722F00A1C44F /* jwt-lock.cpp in Sources */ = {isa = PBXBuildFile; fileRef = CE026B452177722E00A1C44F /* jwt-lock.cpp */; };
		CE026B4C2177722F00A1C44F /* jwa-hmac.cpp in Sources */ = {isa = PBXBuildFile; fileRef = CE026B462177722F00A1C44F /* jwa-hmac.cpp */; };
		CE026B4D2177722F00A1C44F /* jws-factory.cpp in Sources */ = {isa = PBXBuildFile; fileRef = CE026B472177722F00A1C44F /* jws-factory.cpp */; };
		CE026B4E2177722F00A1C44F /* jwa-factory.cpp in Sources */ = {isa = PBXBuildFile; fileRef = CE026B482177722F00A1C44F /* jwa-factory.cpp */; };
		CE026B4F2177722F00A1C44F /* jwt-exception.cpp in Sources */ = {isa = PBXBuildFile; fileRef = CE026B492177722F00A1C44F /* jwt-exception.cpp */; };
		CE026D2821779CB700A1C44F /* libmbedtls.dylib in Frameworks */ = {isa = PBXBuildFile; fileRef = CE026BCE2177954E00A1C44F /* libmbedtls.dylib */; };
		CE0C38FB20E68B1B003E7D51 /* libncbi-json.dylib in Frameworks */ = {isa = PBXBuildFile; fileRef = CE0C38FA20E68B1B003E7D51 /* libncbi-json.dylib */; };
		CEE54A45210FA6B0009ECFD8 /* base64.cpp in Sources */ = {isa = PBXBuildFile; fileRef = CEE54A43210FA6B0009ECFD8 /* base64.cpp */; };
		CEE54A46210FA6B0009ECFD8 /* base64-priv.hpp in Headers */ = {isa = PBXBuildFile; fileRef = CEE54A44210FA6B0009ECFD8 /* base64-priv.hpp */; };
/* End PBXBuildFile section */

/* Begin PBXContainerItemProxy section */
		CE026BCD2177954E00A1C44F /* PBXContainerItemProxy */ = {
			isa = PBXContainerItemProxy;
			containerPortal = CE026BC92177954E00A1C44F /* mbedtls.xcodeproj */;
			proxyType = 2;
			remoteGlobalIDString = CE026BBB2177954500A1C44F;
			remoteInfo = mbedtls;
		};
/* End PBXContainerItemProxy section */

/* Begin PBXFileReference section */
		0C92962C21233E7600BFE15D /* jwt-factory.cpp */ = {isa = PBXFileReference; fileEncoding = 4; lastKnownFileType = sourcecode.cpp.cpp; path = "jwt-factory.cpp"; sourceTree = "<group>"; };
		0C92962D21233E7600BFE15D /* jwt-claims.cpp */ = {isa = PBXFileReference; fileEncoding = 4; lastKnownFileType = sourcecode.cpp.cpp; path = "jwt-claims.cpp"; sourceTree = "<group>"; };
		CE026B442177722E00A1C44F /* jwa-none.cpp */ = {isa = PBXFileReference; fileEncoding = 4; lastKnownFileType = sourcecode.cpp.cpp; path = "jwa-none.cpp"; sourceTree = "<group>"; };
		CE026B452177722E00A1C44F /* jwt-lock.cpp */ = {isa = PBXFileReference; fileEncoding = 4; lastKnownFileType = sourcecode.cpp.cpp; path = "jwt-lock.cpp"; sourceTree = "<group>"; };
		CE026B462177722F00A1C44F /* jwa-hmac.cpp */ = {isa = PBXFileReference; fileEncoding = 4; lastKnownFileType = sourcecode.cpp.cpp; path = "jwa-hmac.cpp"; sourceTree = "<group>"; };
		CE026B472177722F00A1C44F /* jws-factory.cpp */ = {isa = PBXFileReference; fileEncoding = 4; lastKnownFileType = sourcecode.cpp.cpp; path = "jws-factory.cpp"; sourceTree = "<group>"; };
		CE026B482177722F00A1C44F /* jwa-factory.cpp */ = {isa = PBXFileReference; fileEncoding = 4; lastKnownFileType = sourcecode.cpp.cpp; path = "jwa-factory.cpp"; sourceTree = "<group>"; };
		CE026B492177722F00A1C44F /* jwt-exception.cpp */ = {isa = PBXFileReference; fileEncoding = 4; lastKnownFileType = sourcecode.cpp.cpp; path = "jwt-exception.cpp"; sourceTree = "<group>"; };
		CE026BC92177954E00A1C44F /* mbedtls.xcodeproj */ = {isa = PBXFileReference; lastKnownFileType = "wrapper.pb-project"; name = mbedtls.xcodeproj; path = ../mbedtls/mbedtls.xcodeproj; sourceTree = "<group>"; };
		CE0C38FA20E68B1B003E7D51 /* libncbi-json.dylib */ = {isa = PBXFileReference; lastKnownFileType = "compiled.mach-o.dylib"; name = "libncbi-json.dylib"; path = "../../../../../Users/user/Library/Developer/Xcode/DerivedData/ncbi-oauth-ccqkmtescumnuuanmckichlndcup/Build/Products/Debug/libncbi-json.dylib"; sourceTree = "<group>"; };
		CE720D8D20E549DF00FDB587 /* libncbi-jwt.dylib */ = {isa = PBXFileReference; explicitFileType = "compiled.mach-o.dylib"; includeInIndex = 0; path = "libncbi-jwt.dylib"; sourceTree = BUILT_PRODUCTS_DIR; };
		CEE54A43210FA6B0009ECFD8 /* base64.cpp */ = {isa = PBXFileReference; lastKnownFileType = sourcecode.cpp.cpp; path = base64.cpp; sourceTree = "<group>"; };
		CEE54A44210FA6B0009ECFD8 /* base64-priv.hpp */ = {isa = PBXFileReference; lastKnownFileType = sourcecode.cpp.h; path = "base64-priv.hpp"; sourceTree = "<group>"; };
		DE69BB8D2110FC60009E60F3 /* rfc7517.txt */ = {isa = PBXFileReference; lastKnownFileType = text; path = rfc7517.txt; sourceTree = "<group>"; };
		DE69BB8F2110FC60009E60F3 /* rfc7518.txt */ = {isa = PBXFileReference; lastKnownFileType = text; path = rfc7518.txt; sourceTree = "<group>"; };
		DE69BB902110FC60009E60F3 /* rfc7519.txt */ = {isa = PBXFileReference; lastKnownFileType = text; path = rfc7519.txt; sourceTree = "<group>"; };
		DE69BB912110FC60009E60F3 /* rfc7516.txt */ = {isa = PBXFileReference; lastKnownFileType = text; path = rfc7516.txt; sourceTree = "<group>"; };
		DE69BB942110FFC3009E60F3 /* rfc4648.txt */ = {isa = PBXFileReference; lastKnownFileType = text; path = rfc4648.txt; sourceTree = "<group>"; };
		DE69BB9621110689009E60F3 /* rfc3218.txt */ = {isa = PBXFileReference; lastKnownFileType = text; path = rfc3218.txt; sourceTree = "<group>"; };
		DE69BB9721110695009E60F3 /* rfc7515.txt */ = {isa = PBXFileReference; lastKnownFileType = text; path = rfc7515.txt; sourceTree = "<group>"; };
		DE69BB982111069E009E60F3 /* rfc7520.txt */ = {isa = PBXFileReference; lastKnownFileType = text; path = rfc7520.txt; sourceTree = "<group>"; };
		DE7FAAC32120E87B000AF2D5 /* rfc3986.txt */ = {isa = PBXFileReference; fileEncoding = 4; lastKnownFileType = text; path = rfc3986.txt; sourceTree = "<group>"; };
/* End PBXFileReference section */

/* Begin PBXFrameworksBuildPhase section */
		CE720D8A20E549DE00FDB587 /* Frameworks */ = {
			isa = PBXFrameworksBuildPhase;
			buildActionMask = 2147483647;
			files = (
				CE026D2821779CB700A1C44F /* libmbedtls.dylib in Frameworks */,
				CE0C38FB20E68B1B003E7D51 /* libncbi-json.dylib in Frameworks */,
			);
			runOnlyForDeploymentPostprocessing = 0;
		};
/* End PBXFrameworksBuildPhase section */

/* Begin PBXGroup section */
		CE026BCA2177954E00A1C44F /* Products */ = {
			isa = PBXGroup;
			children = (
				CE026BCE2177954E00A1C44F /* libmbedtls.dylib */,
			);
			name = Products;
			sourceTree = "<group>";
		};
		CE0C38F920E68B1B003E7D51 /* Frameworks */ = {
			isa = PBXGroup;
			children = (
				CE026BC92177954E00A1C44F /* mbedtls.xcodeproj */,
				CE0C38FA20E68B1B003E7D51 /* libncbi-json.dylib */,
			);
			name = Frameworks;
			sourceTree = "<group>";
		};
		CE720D8420E549DE00FDB587 = {
			isa = PBXGroup;
			children = (
				CE026B482177722F00A1C44F /* jwa-factory.cpp */,
				CE026B462177722F00A1C44F /* jwa-hmac.cpp */,
				CE026B442177722E00A1C44F /* jwa-none.cpp */,
				CE026B472177722F00A1C44F /* jws-factory.cpp */,
				CE026B492177722F00A1C44F /* jwt-exception.cpp */,
				CE026B452177722E00A1C44F /* jwt-lock.cpp */,
				0C92962D21233E7600BFE15D /* jwt-claims.cpp */,
				0C92962C21233E7600BFE15D /* jwt-factory.cpp */,
				CEE54A44210FA6B0009ECFD8 /* base64-priv.hpp */,
				CEE54A43210FA6B0009ECFD8 /* base64.cpp */,
				CEC1375C211CC98F006A81D5 /* RFC */,
				CE720D8E20E549DF00FDB587 /* Products */,
				CE0C38F920E68B1B003E7D51 /* Frameworks */,
			);
			sourceTree = "<group>";
		};
		CE720D8E20E549DF00FDB587 /* Products */ = {
			isa = PBXGroup;
			children = (
				CE720D8D20E549DF00FDB587 /* libncbi-jwt.dylib */,
			);
			name = Products;
			sourceTree = "<group>";
		};
		CEC1375C211CC98F006A81D5 /* RFC */ = {
			isa = PBXGroup;
			children = (
				DE7FAAC32120E87B000AF2D5 /* rfc3986.txt */,
				DE69BB9621110689009E60F3 /* rfc3218.txt */,
				DE69BB942110FFC3009E60F3 /* rfc4648.txt */,
				DE69BB9721110695009E60F3 /* rfc7515.txt */,
				DE69BB912110FC60009E60F3 /* rfc7516.txt */,
				DE69BB8D2110FC60009E60F3 /* rfc7517.txt */,
				DE69BB8F2110FC60009E60F3 /* rfc7518.txt */,
				DE69BB902110FC60009E60F3 /* rfc7519.txt */,
				DE69BB982111069E009E60F3 /* rfc7520.txt */,
			);
			name = RFC;
			sourceTree = "<group>";
		};
/* End PBXGroup section */

/* Begin PBXHeadersBuildPhase section */
		CE720D8B20E549DE00FDB587 /* Headers */ = {
			isa = PBXHeadersBuildPhase;
			buildActionMask = 2147483647;
			files = (
				CEE54A46210FA6B0009ECFD8 /* base64-priv.hpp in Headers */,
			);
			runOnlyForDeploymentPostprocessing = 0;
		};
/* End PBXHeadersBuildPhase section */

/* Begin PBXNativeTarget section */
		CE720D8C20E549DE00FDB587 /* ncbi-jwt */ = {
			isa = PBXNativeTarget;
			buildConfigurationList = CE720D9820E549DF00FDB587 /* Build configuration list for PBXNativeTarget "ncbi-jwt" */;
			buildPhases = (
				CE720D8920E549DE00FDB587 /* Sources */,
				CE720D8A20E549DE00FDB587 /* Frameworks */,
				CE720D8B20E549DE00FDB587 /* Headers */,
			);
			buildRules = (
			);
			dependencies = (
			);
			name = "ncbi-jwt";
			productName = "ncbi-jwt";
			productReference = CE720D8D20E549DF00FDB587 /* libncbi-jwt.dylib */;
			productType = "com.apple.product-type.library.dynamic";
		};
/* End PBXNativeTarget section */

/* Begin PBXProject section */
		CE720D8520E549DE00FDB587 /* Project object */ = {
			isa = PBXProject;
			attributes = {
				LastSwiftUpdateCheck = 0800;
				LastUpgradeCheck = 0940;
				ORGANIZATIONNAME = NCBI;
				TargetAttributes = {
					CE720D8C20E549DE00FDB587 = {
						CreatedOnToolsVersion = 8.0;
						ProvisioningStyle = Automatic;
					};
				};
			};
			buildConfigurationList = CE720D8820E549DE00FDB587 /* Build configuration list for PBXProject "ncbi-jwt" */;
			compatibilityVersion = "Xcode 3.2";
			developmentRegion = English;
			hasScannedForEncodings = 0;
			knownRegions = (
				en,
			);
			mainGroup = CE720D8420E549DE00FDB587;
			productRefGroup = CE720D8E20E549DF00FDB587 /* Products */;
			projectDirPath = "";
			projectReferences = (
				{
					ProductGroup = CE026BCA2177954E00A1C44F /* Products */;
					ProjectRef = CE026BC92177954E00A1C44F /* mbedtls.xcodeproj */;
				},
			);
			projectRoot = "";
			targets = (
				CE720D8C20E549DE00FDB587 /* ncbi-jwt */,
			);
		};
/* End PBXProject section */

/* Begin PBXReferenceProxy section */
		CE026BCE2177954E00A1C44F /* libmbedtls.dylib */ = {
			isa = PBXReferenceProxy;
			fileType = "compiled.mach-o.dylib";
			path = libmbedtls.dylib;
			remoteRef = CE026BCD2177954E00A1C44F /* PBXContainerItemProxy */;
			sourceTree = BUILT_PRODUCTS_DIR;
		};
/* End PBXReferenceProxy section */

/* Begin PBXSourcesBuildPhase section */
		CE720D8920E549DE00FDB587 /* Sources */ = {
			isa = PBXSourcesBuildPhase;
			buildActionMask = 2147483647;
			files = (
				CE026B4A2177722F00A1C44F /* jwa-none.cpp in Sources */,
				CE026B4B2177722F00A1C44F /* jwt-lock.cpp in Sources */,
				0C92962E21233E7600BFE15D /* jwt-factory.cpp in Sources */,
				CE026B4D2177722F00A1C44F /* jws-factory.cpp in Sources */,
				CEE54A45210FA6B0009ECFD8 /* base64.cpp in Sources */,
				CE026B4F2177722F00A1C44F /* jwt-exception.cpp in Sources */,
				0C92962F21233E7600BFE15D /* jwt-claims.cpp in Sources */,
				CE026B4C2177722F00A1C44F /* jwa-hmac.cpp in Sources */,
				CE026B4E2177722F00A1C44F /* jwa-factory.cpp in Sources */,
			);
			runOnlyForDeploymentPostprocessing = 0;
		};
/* End PBXSourcesBuildPhase section */

/* Begin XCBuildConfiguration section */
		CE720D9620E549DF00FDB587 /* Debug */ = {
			isa = XCBuildConfiguration;
			buildSettings = {
				ALWAYS_SEARCH_USER_PATHS = NO;
				CLANG_ADDRESS_SANITIZER_CONTAINER_OVERFLOW = YES;
				CLANG_ANALYZER_NONNULL = YES;
				CLANG_CXX_LANGUAGE_STANDARD = "gnu++0x";
				CLANG_CXX_LIBRARY = "libc++";
				CLANG_ENABLE_MODULES = YES;
				CLANG_ENABLE_OBJC_ARC = YES;
				CLANG_WARN_BLOCK_CAPTURE_AUTORELEASING = YES;
				CLANG_WARN_BOOL_CONVERSION = YES;
				CLANG_WARN_COMMA = YES;
				CLANG_WARN_CONSTANT_CONVERSION = YES;
				CLANG_WARN_DEPRECATED_OBJC_IMPLEMENTATIONS = YES;
				CLANG_WARN_DIRECT_OBJC_ISA_USAGE = YES_ERROR;
				CLANG_WARN_DOCUMENTATION_COMMENTS = YES;
				CLANG_WARN_EMPTY_BODY = YES;
				CLANG_WARN_ENUM_CONVERSION = YES;
				CLANG_WARN_INFINITE_RECURSION = YES;
				CLANG_WARN_INT_CONVERSION = YES;
				CLANG_WARN_NON_LITERAL_NULL_CONVERSION = YES;
				CLANG_WARN_OBJC_IMPLICIT_RETAIN_SELF = YES;
				CLANG_WARN_OBJC_LITERAL_CONVERSION = YES;
				CLANG_WARN_OBJC_ROOT_CLASS = YES_ERROR;
				CLANG_WARN_RANGE_LOOP_ANALYSIS = YES;
				CLANG_WARN_STRICT_PROTOTYPES = YES;
				CLANG_WARN_SUSPICIOUS_MOVE = YES;
				CLANG_WARN_SUSPICIOUS_MOVES = YES;
				CLANG_WARN_UNREACHABLE_CODE = YES;
				CLANG_WARN__DUPLICATE_METHOD_MATCH = YES;
				CODE_SIGN_IDENTITY = "-";
				COPY_PHASE_STRIP = NO;
				DEBUG_INFORMATION_FORMAT = dwarf;
				ENABLE_STRICT_OBJC_MSGSEND = YES;
				ENABLE_TESTABILITY = YES;
				GCC_C_LANGUAGE_STANDARD = gnu99;
				GCC_DYNAMIC_NO_PIC = NO;
				GCC_NO_COMMON_BLOCKS = YES;
				GCC_OPTIMIZATION_LEVEL = 0;
				GCC_PREPROCESSOR_DEFINITIONS = (
					"DEBUG=1",
					"$(inherited)",
				);
				GCC_WARN_64_TO_32_BIT_CONVERSION = YES;
				GCC_WARN_ABOUT_RETURN_TYPE = YES_ERROR;
				GCC_WARN_UNDECLARED_SELECTOR = YES;
				GCC_WARN_UNINITIALIZED_AUTOS = YES_AGGRESSIVE;
				GCC_WARN_UNUSED_FUNCTION = YES;
				GCC_WARN_UNUSED_VARIABLE = YES;
				HEADER_SEARCH_PATHS = ../inc;
				LIBRARY_SEARCH_PATHS = "";
				MACOSX_DEPLOYMENT_TARGET = 10.12;
				MTL_ENABLE_DEBUG_INFO = YES;
				ONLY_ACTIVE_ARCH = YES;
				SDKROOT = macosx;
			};
			name = Debug;
		};
		CE720D9720E549DF00FDB587 /* Release */ = {
			isa = XCBuildConfiguration;
			buildSettings = {
				ALWAYS_SEARCH_USER_PATHS = NO;
				CLANG_ADDRESS_SANITIZER_CONTAINER_OVERFLOW = YES;
				CLANG_ANALYZER_NONNULL = YES;
				CLANG_CXX_LANGUAGE_STANDARD = "gnu++0x";
				CLANG_CXX_LIBRARY = "libc++";
				CLANG_ENABLE_MODULES = YES;
				CLANG_ENABLE_OBJC_ARC = YES;
				CLANG_WARN_BLOCK_CAPTURE_AUTORELEASING = YES;
				CLANG_WARN_BOOL_CONVERSION = YES;
				CLANG_WARN_COMMA = YES;
				CLANG_WARN_CONSTANT_CONVERSION = YES;
				CLANG_WARN_DEPRECATED_OBJC_IMPLEMENTATIONS = YES;
				CLANG_WARN_DIRECT_OBJC_ISA_USAGE = YES_ERROR;
				CLANG_WARN_DOCUMENTATION_COMMENTS = YES;
				CLANG_WARN_EMPTY_BODY = YES;
				CLANG_WARN_ENUM_CONVERSION = YES;
				CLANG_WARN_INFINITE_RECURSION = YES;
				CLANG_WARN_INT_CONVERSION = YES;
				CLANG_WARN_NON_LITERAL_NULL_CONVERSION = YES;
				CLANG_WARN_OBJC_IMPLICIT_RETAIN_SELF = YES;
				CLANG_WARN_OBJC_LITERAL_CONVERSION = YES;
				CLANG_WARN_OBJC_ROOT_CLASS = YES_ERROR;
				CLANG_WARN_RANGE_LOOP_ANALYSIS = YES;
				CLANG_WARN_STRICT_PROTOTYPES = YES;
				CLANG_WARN_SUSPICIOUS_MOVE = YES;
				CLANG_WARN_SUSPICIOUS_MOVES = YES;
				CLANG_WARN_UNREACHABLE_CODE = YES;
				CLANG_WARN__DUPLICATE_METHOD_MATCH = YES;
				CODE_SIGN_IDENTITY = "-";
				COPY_PHASE_STRIP = NO;
				DEBUG_INFORMATION_FORMAT = "dwarf-with-dsym";
				ENABLE_NS_ASSERTIONS = NO;
				ENABLE_STRICT_OBJC_MSGSEND = YES;
				GCC_C_LANGUAGE_STANDARD = gnu99;
				GCC_NO_COMMON_BLOCKS = YES;
				GCC_WARN_64_TO_32_BIT_CONVERSION = YES;
				GCC_WARN_ABOUT_RETURN_TYPE = YES_ERROR;
				GCC_WARN_UNDECLARED_SELECTOR = YES;
				GCC_WARN_UNINITIALIZED_AUTOS = YES_AGGRESSIVE;
				GCC_WARN_UNUSED_FUNCTION = YES;
				GCC_WARN_UNUSED_VARIABLE = YES;
				HEADER_SEARCH_PATHS = ../inc;
				LIBRARY_SEARCH_PATHS = "";
				MACOSX_DEPLOYMENT_TARGET = 10.12;
				MTL_ENABLE_DEBUG_INFO = NO;
				SDKROOT = macosx;
			};
			name = Release;
		};
		CE720D9920E549DF00FDB587 /* Debug */ = {
			isa = XCBuildConfiguration;
			buildSettings = {
				DYLIB_COMPATIBILITY_VERSION = 1;
				DYLIB_CURRENT_VERSION = 1;
				EXECUTABLE_PREFIX = lib;
				GCC_ENABLE_CPP_EXCEPTIONS = YES;
				GCC_ENABLE_CPP_RTTI = YES;
				GCC_SYMBOLS_PRIVATE_EXTERN = YES;
				GCC_WARN_ABOUT_DEPRECATED_FUNCTIONS = YES;
				"HEADER_SEARCH_PATHS[arch=*]" = ../inc;
				LIBRARY_SEARCH_PATHS = "$(TARGET_BUILD_DIR)";
				MACOSX_DEPLOYMENT_TARGET = 10.12;
				PRODUCT_NAME = "$(TARGET_NAME)";
			};
			name = Debug;
		};
		CE720D9A20E549DF00FDB587 /* Release */ = {
			isa = XCBuildConfiguration;
			buildSettings = {
				DYLIB_COMPATIBILITY_VERSION = 1;
				DYLIB_CURRENT_VERSION = 1;
				EXECUTABLE_PREFIX = lib;
				GCC_ENABLE_CPP_EXCEPTIONS = YES;
				GCC_ENABLE_CPP_RTTI = YES;
				GCC_SYMBOLS_PRIVATE_EXTERN = YES;
				GCC_WARN_ABOUT_DEPRECATED_FUNCTIONS = YES;
				"HEADER_SEARCH_PATHS[arch=*]" = ../inc;
				LIBRARY_SEARCH_PATHS = "$(TARGET_BUILD_DIR)";
				MACOSX_DEPLOYMENT_TARGET = 10.12;
				PRODUCT_NAME = "$(TARGET_NAME)";
			};
			name = Release;
		};
/* End XCBuildConfiguration section */

/* Begin XCConfigurationList section */
		CE720D8820E549DE00FDB587 /* Build configuration list for PBXProject "ncbi-jwt" */ = {
			isa = XCConfigurationList;
			buildConfigurations = (
				CE720D9620E549DF00FDB587 /* Debug */,
				CE720D9720E549DF00FDB587 /* Release */,
			);
			defaultConfigurationIsVisible = 0;
			defaultConfigurationName = Debug;
		};
		CE720D9820E549DF00FDB587 /* Build configuration list for PBXNativeTarget "ncbi-jwt" */ = {
			isa = XCConfigurationList;
			buildConfigurations = (
				CE720D9920E549DF00FDB587 /* Debug */,
				CE720D9A20E549DF00FDB587 /* Release */,
			);
			defaultConfigurationIsVisible = 0;
			defaultConfigurationName = Debug;
		};
/* End XCConfigurationList section */
	};
	rootObject = CE720D8520E549DE00FDB587 /* Project object */;
}
